{
  "meteor": {},
  "dependencies": {
    "basePackages": {
      "event-hooks": {},
      "jquery-ui": {},
      "iron-router": {},
      "bootstrap-3": {},
      "i18n": {},
      "messageformat": {},
      "fast-render": {}
    },
    "packages": {
      "event-hooks": {
        "git": "https://github.com/BenjaminRH/meteor-event-hooks.git",
        "tag": "v1.4.3",
        "commit": "ba4f3d7887748458618d29615492906f0c88d31c"
      },
      "jquery-ui": {
        "git": "https://github.com/TimHeckel/meteor-jquery-ui.git",
        "tag": "v1.9.2",
        "commit": "c437d45edcf1367df8d5ffa8bad2867758030bd2"
      },
      "iron-router": {
        "git": "https://github.com/EventedMind/iron-router.git",
        "tag": "v0.7.0",
        "commit": "05f34bc48c4cad9fdaa366c1ddcabe6980232ece"
      },
      "bootstrap-3": {
        "git": "https://github.com/mangasocial/meteor-bootstrap-3.git",
        "tag": "v3.1.1-1",
        "commit": "63dd38968828bb8963636df93e9a1c45e2dfe67e"
      },
      "i18n": {
        "git": "https://github.com/jerico-dev/meteor-i18n.git",
        "tag": "v0.1.2",
        "commit": "e24f4ad9242741984dfa3985be4ed2c3bc34f9d5"
      },
      "messageformat": {
        "git": "https://github.com/gadicohen/meteor-messageformat.git",
        "tag": "v0.0.27",
        "commit": "336dd8d46ddac68903f604be181a77bbeda78bbc"
      },
      "fast-render": {
        "git": "https://github.com/arunoda/meteor-fast-render.git",
        "tag": "v0.1.25",
        "commit": "010c4ee25b48ab6a7373000be48f9cd4a8535880"
      },
      "blaze-layout": {
        "git": "https://github.com/EventedMind/blaze-layout.git",
        "tag": "v0.2.2",
        "commit": "8bc53798fe5965669ae67c72f91829fcfdceabfd"
      },
      "headers": {
        "git": "https://github.com/gadicohen/meteor-headers.git",
        "tag": "v0.0.21",
        "commit": "569a50eb334cc1ab324d0721411f48f1cc75ec24"
      },
      "inject-initial": {
        "git": "https://github.com/gadicc/meteor-inject-initial.git",
        "tag": "v0.0.7",
        "commit": "921a944815e06ece8ce4ded180e9d2e9e31f6000"
      }
    }
  }
}
